
Microsoft Visual Studio Solution File, Format Version 12.00
# Visual Studio Version 17
VisualStudioVersion = 17.9.34728.123
MinimumVisualStudioVersion = 10.0.40219.1
Project("{9A19103F-16F7-4668-BE54-9A1E7A4F7556}") = "ConsumerPedidos", "ConsumerPedidos\ConsumerPedidos.csproj", "{4A9A788D-1BE7-4CBE-957B-FE9BA37A392A}"
EndProject
Project("{FAE04EC0-301F-11D3-BF4B-00C04F79EFBC}") = "ConsumerPedidosTest", "ConsumerPedidosTest\ConsumerPedidosTest.csproj", "{EBE886D2-7141-40C5-B9F5-B37899DD4863}"
EndProject
Global
	GlobalSection(SolutionConfigurationPlatforms) = preSolution
		Debug|Any CPU = Debug|Any CPU
		Release|Any CPU = Release|Any CPU
	EndGlobalSection
	GlobalSection(ProjectConfigurationPlatforms) = postSolution
		{4A9A788D-1BE7-4CBE-957B-FE9BA37A392A}.Debug|Any CPU.ActiveCfg = Debug|Any CPU
		{4A9A788D-1BE7-4CBE-957B-FE9BA37A392A}.Debug|Any CPU.Build.0 = Debug|Any CPU
		{4A9A788D-1BE7-4CBE-957B-FE9BA37A392A}.Release|Any CPU.ActiveCfg = Release|Any CPU
		{4A9A788D-1BE7-4CBE-957B-FE9BA37A392A}.Release|Any CPU.Build.0 = Release|Any CPU
		{EBE886D2-7141-40C5-B9F5-B37899DD4863}.Debug|Any CPU.ActiveCfg = Debug|Any CPU
		{EBE886D2-7141-40C5-B9F5-B37899DD4863}.Debug|Any CPU.Build.0 = Debug|Any CPU
		{EBE886D2-7141-40C5-B9F5-B37899DD4863}.Release|Any CPU.ActiveCfg = Release|Any CPU
		{EBE886D2-7141-40C5-B9F5-B37899DD4863}.Release|Any CPU.Build.0 = Release|Any CPU
	EndGlobalSection
	GlobalSection(SolutionProperties) = preSolution
		HideSolutionNode = FALSE
	EndGlobalSection
	GlobalSection(ExtensibilityGlobals) = postSolution
		SolutionGuid = {74B66E30-895E-437F-A655-273D2B9D67E3}
	EndGlobalSection
EndGlobal
